
Microsoft Visual Studio Solution File, Format Version 12.00
# Visual Studio 15
VisualStudioVersion = 15.0.26730.3
MinimumVisualStudioVersion = 10.0.40219.1
Project("{FAE04EC0-301F-11D3-BF4B-00C04F79EFBC}") = "TaleOfThreeCalculators", "TaleOfThreeCalculators\TaleOfThreeCalculators.csproj", "{872E9D06-D1D0-4A69-8390-E614F45905D4}"
EndProject
Project("{FAE04EC0-301F-11D3-BF4B-00C04F79EFBC}") = "TaleOfThreeCalculators.Tests", "TaleOfThreeCalculators.Tests\TaleOfThreeCalculators.Tests.csproj", "{65122D85-7F41-4205-B221-3882FE50EBA0}"
EndProject
Global
	GlobalSection(SolutionConfigurationPlatforms) = preSolution
		Debug|Any CPU = Debug|Any CPU
		Release|Any CPU = Release|Any CPU
	EndGlobalSection
	GlobalSection(ProjectConfigurationPlatforms) = postSolution
		{872E9D06-D1D0-4A69-8390-E614F45905D4}.Debug|Any CPU.ActiveCfg = Debug|Any CPU
		{872E9D06-D1D0-4A69-8390-E614F45905D4}.Debug|Any CPU.Build.0 = Debug|Any CPU
		{872E9D06-D1D0-4A69-8390-E614F45905D4}.Release|Any CPU.ActiveCfg = Release|Any CPU
		{872E9D06-D1D0-4A69-8390-E614F45905D4}.Release|Any CPU.Build.0 = Release|Any CPU
		{65122D85-7F41-4205-B221-3882FE50EBA0}.Debug|Any CPU.ActiveCfg = Debug|Any CPU
		{65122D85-7F41-4205-B221-3882FE50EBA0}.Debug|Any CPU.Build.0 = Debug|Any CPU
		{65122D85-7F41-4205-B221-3882FE50EBA0}.Release|Any CPU.ActiveCfg = Release|Any CPU
		{65122D85-7F41-4205-B221-3882FE50EBA0}.Release|Any CPU.Build.0 = Release|Any CPU
	EndGlobalSection
	GlobalSection(SolutionProperties) = preSolution
		HideSolutionNode = FALSE
	EndGlobalSection
	GlobalSection(ExtensibilityGlobals) = postSolution
		SolutionGuid = {AA2A28FE-8DAA-4EB3-873A-22857886CA3B}
	EndGlobalSection
EndGlobal
